
Microsoft Visual Studio Solution File, Format Version 12.00
# Visual Studio Version 16
VisualStudioVersion = 16.0.33529.622
MinimumVisualStudioVersion = 10.0.40219.1
Project("{FAE04EC0-301F-11D3-BF4B-00C04F79EFBC}") = "HomeworkThirtyOne", "HomeworkThirtyOne\HomeworkThirtyOne.csproj", "{8BE35797-C9B8-4CC2-9F18-8A816DD2DF34}"
EndProject
Project("{FAE04EC0-301F-11D3-BF4B-00C04F79EFBC}") = "HomeworkThirtyOne.Library", "HomeworkThirtyOne.Library\HomeworkThirtyOne.Library.csproj", "{E3707DE6-42E0-46EE-9057-7BC304738F0B}"
EndProject
Global
	GlobalSection(SolutionConfigurationPlatforms) = preSolution
		Debug|Any CPU = Debug|Any CPU
		Release|Any CPU = Release|Any CPU
	EndGlobalSection
	GlobalSection(ProjectConfigurationPlatforms) = postSolution
		{8BE35797-C9B8-4CC2-9F18-8A816DD2DF34}.Debug|Any CPU.ActiveCfg = Debug|Any CPU
		{8BE35797-C9B8-4CC2-9F18-8A816DD2DF34}.Debug|Any CPU.Build.0 = Debug|Any CPU
		{8BE35797-C9B8-4CC2-9F18-8A816DD2DF34}.Release|Any CPU.ActiveCfg = Release|Any CPU
		{8BE35797-C9B8-4CC2-9F18-8A816DD2DF34}.Release|Any CPU.Build.0 = Release|Any CPU
		{E3707DE6-42E0-46EE-9057-7BC304738F0B}.Debug|Any CPU.ActiveCfg = Debug|Any CPU
		{E3707DE6-42E0-46EE-9057-7BC304738F0B}.Debug|Any CPU.Build.0 = Debug|Any CPU
		{E3707DE6-42E0-46EE-9057-7BC304738F0B}.Release|Any CPU.ActiveCfg = Release|Any CPU
		{E3707DE6-42E0-46EE-9057-7BC304738F0B}.Release|Any CPU.Build.0 = Release|Any CPU
	EndGlobalSection
	GlobalSection(SolutionProperties) = preSolution
		HideSolutionNode = FALSE
	EndGlobalSection
	GlobalSection(ExtensibilityGlobals) = postSolution
		SolutionGuid = {FC2805E9-D2B0-4231-9AE0-32DA609109FD}
	EndGlobalSection
EndGlobal
